
Microsoft Visual Studio Solution File, Format Version 12.00
# Visual Studio Version 16
VisualStudioVersion = 25.0.1706.8
MinimumVisualStudioVersion = 10.0.40219.1
Project("{FAE04EC0-301F-11D3-BF4B-00C04F79EFBC}") = "DemoEncapsulation", "DemoEncapsulation\DemoEncapsulation.csproj", "{B9A2F493-C050-417D-B31A-B624B8260C6C}"
EndProject
Project("{FAE04EC0-301F-11D3-BF4B-00C04F79EFBC}") = "DemoInheritance", "DemoInheritance\DemoInheritance.csproj", "{19FF9AE7-0580-4E5E-9A44-D3C6710D01EC}"
EndProject
Global
	GlobalSection(SolutionConfigurationPlatforms) = preSolution
		Debug|Any CPU = Debug|Any CPU
		Release|Any CPU = Release|Any CPU
	EndGlobalSection
	GlobalSection(ProjectConfigurationPlatforms) = postSolution
		{B9A2F493-C050-417D-B31A-B624B8260C6C}.Debug|Any CPU.ActiveCfg = Debug|Any CPU
		{B9A2F493-C050-417D-B31A-B624B8260C6C}.Debug|Any CPU.Build.0 = Debug|Any CPU
		{B9A2F493-C050-417D-B31A-B624B8260C6C}.Release|Any CPU.ActiveCfg = Release|Any CPU
		{B9A2F493-C050-417D-B31A-B624B8260C6C}.Release|Any CPU.Build.0 = Release|Any CPU
		{19FF9AE7-0580-4E5E-9A44-D3C6710D01EC}.Debug|Any CPU.ActiveCfg = Debug|Any CPU
		{19FF9AE7-0580-4E5E-9A44-D3C6710D01EC}.Debug|Any CPU.Build.0 = Debug|Any CPU
		{19FF9AE7-0580-4E5E-9A44-D3C6710D01EC}.Release|Any CPU.ActiveCfg = Release|Any CPU
		{19FF9AE7-0580-4E5E-9A44-D3C6710D01EC}.Release|Any CPU.Build.0 = Release|Any CPU
	EndGlobalSection
	GlobalSection(SolutionProperties) = preSolution
		HideSolutionNode = FALSE
	EndGlobalSection
	GlobalSection(ExtensibilityGlobals) = postSolution
		SolutionGuid = {C2790297-D691-4E0E-927A-5EE77F9819A5}
	EndGlobalSection
EndGlobal
