
Microsoft Visual Studio Solution File, Format Version 12.00
# Visual Studio Version 17
VisualStudioVersion = 17.11.34909.67
MinimumVisualStudioVersion = 10.0.40219.1
Project("{9A19103F-16F7-4668-BE54-9A1E7A4F7556}") = "ExerciseOopHierarchy", "ExerciseOopHierarchy\ExerciseOopHierarchy.csproj", "{55827337-C424-44C4-A94A-3E3C28ABDFA2}"
EndProject
Project("{FAE04EC0-301F-11D3-BF4B-00C04F79EFBC}") = "Tests.Demo", "Tests.Demo\Tests.Demo.csproj", "{28E19446-66E6-47BF-A749-A72F059E415C}"
EndProject
Global
	GlobalSection(SolutionConfigurationPlatforms) = preSolution
		Debug|Any CPU = Debug|Any CPU
		Release|Any CPU = Release|Any CPU
	EndGlobalSection
	GlobalSection(ProjectConfigurationPlatforms) = postSolution
		{55827337-C424-44C4-A94A-3E3C28ABDFA2}.Debug|Any CPU.ActiveCfg = Debug|Any CPU
		{55827337-C424-44C4-A94A-3E3C28ABDFA2}.Debug|Any CPU.Build.0 = Debug|Any CPU
		{55827337-C424-44C4-A94A-3E3C28ABDFA2}.Release|Any CPU.ActiveCfg = Release|Any CPU
		{55827337-C424-44C4-A94A-3E3C28ABDFA2}.Release|Any CPU.Build.0 = Release|Any CPU
		{28E19446-66E6-47BF-A749-A72F059E415C}.Debug|Any CPU.ActiveCfg = Debug|Any CPU
		{28E19446-66E6-47BF-A749-A72F059E415C}.Debug|Any CPU.Build.0 = Debug|Any CPU
		{28E19446-66E6-47BF-A749-A72F059E415C}.Release|Any CPU.ActiveCfg = Release|Any CPU
		{28E19446-66E6-47BF-A749-A72F059E415C}.Release|Any CPU.Build.0 = Release|Any CPU
	EndGlobalSection
	GlobalSection(SolutionProperties) = preSolution
		HideSolutionNode = FALSE
	EndGlobalSection
	GlobalSection(ExtensibilityGlobals) = postSolution
		SolutionGuid = {47BB1184-EEDE-4E4F-A924-29DCB2C5956E}
	EndGlobalSection
EndGlobal
